// !$*UTF8*$!
{
	archiveVersion = 1;
	classes = {
	};
	objectVersion = 77;
	objects = {

/* Begin PBXBuildFile section */
		1BF6E13945FF1BDAD2E7D1FE /* GhostscriptService.swift in Sources */ = {isa = PBXBuildFile; fileRef = CED7F8A3F1BCF4A2D00E2217 /* GhostscriptService.swift */; };
		4331F7B8C177C2C5A8994E48 /* QPDFService.swift in Sources */ = {isa = PBXBuildFile; fileRef = AFB5A280220E9765556685C7 /* QPDFService.swift */; };
		ACDBD0CB5684137C202BCB0C /* GerasApp.swift in Sources */ = {isa = PBXBuildFile; fileRef = BEC7AEA16CA9DD405A60AF66 /* GerasApp.swift */; };
		CF4F961413760F9782C22F99 /* Assets.xcassets in Resources */ = {isa = PBXBuildFile; fileRef = 31230BD2B2494CC842AE105E /* Assets.xcassets */; };
		F64B3353BFF21A4B0BBAF077 /* RasterizeService.swift in Sources */ = {isa = PBXBuildFile; fileRef = 09D36AD8D693362AB37345F5 /* RasterizeService.swift */; };
		FA36DE40F20A760F4793552D /* ContentView.swift in Sources */ = {isa = PBXBuildFile; fileRef = 82CE55CF80F2EA75FC577473 /* ContentView.swift */; };
/* End PBXBuildFile section */

/* Begin PBXFileReference section */
		09D36AD8D693362AB37345F5 /* RasterizeService.swift */ = {isa = PBXFileReference; lastKnownFileType = sourcecode.swift; path = RasterizeService.swift; sourceTree = "<group>"; };
		31230BD2B2494CC842AE105E /* Assets.xcassets */ = {isa = PBXFileReference; lastKnownFileType = folder.assetcatalog; path = Assets.xcassets; sourceTree = "<group>"; };
		3AC498566F5B7642F9233F96 /* Geras.app */ = {isa = PBXFileReference; explicitFileType = wrapper.application; includeInIndex = 0; path = Geras.app; sourceTree = BUILT_PRODUCTS_DIR; };
		82CE55CF80F2EA75FC577473 /* ContentView.swift */ = {isa = PBXFileReference; lastKnownFileType = sourcecode.swift; path = ContentView.swift; sourceTree = "<group>"; };
		AFB5A280220E9765556685C7 /* QPDFService.swift */ = {isa = PBXFileReference; lastKnownFileType = sourcecode.swift; path = QPDFService.swift; sourceTree = "<group>"; };
		BEC7AEA16CA9DD405A60AF66 /* GerasApp.swift */ = {isa = PBXFileReference; lastKnownFileType = sourcecode.swift; path = GerasApp.swift; sourceTree = "<group>"; };
		CED7F8A3F1BCF4A2D00E2217 /* GhostscriptService.swift */ = {isa = PBXFileReference; lastKnownFileType = sourcecode.swift; path = GhostscriptService.swift; sourceTree = "<group>"; };
/* End PBXFileReference section */

/* Begin PBXGroup section */
		139EC062C7A3EF8F506FD3E9 = {
			isa = PBXGroup;
			children = (
				F7B1D8E996954636CFBFE4C8 /* Geras */,
				361B74C395FBA5EDC7ED3A8A /* Products */,
			);
			sourceTree = "<group>";
		};
		361B74C395FBA5EDC7ED3A8A /* Products */ = {
			isa = PBXGroup;
			children = (
				3AC498566F5B7642F9233F96 /* Geras.app */,
			);
			name = Products;
			sourceTree = "<group>";
		};
		F7B1D8E996954636CFBFE4C8 /* Geras */ = {
			isa = PBXGroup;
			children = (
				31230BD2B2494CC842AE105E /* Assets.xcassets */,
				82CE55CF80F2EA75FC577473 /* ContentView.swift */,
				BEC7AEA16CA9DD405A60AF66 /* GerasApp.swift */,
				CED7F8A3F1BCF4A2D00E2217 /* GhostscriptService.swift */,
				AFB5A280220E9765556685C7 /* QPDFService.swift */,
				09D36AD8D693362AB37345F5 /* RasterizeService.swift */,
			);
			path = Geras;
			sourceTree = "<group>";
		};
/* End PBXGroup section */

/* Begin PBXNativeTarget section */
		8B454E85FE8476D31069CDB2 /* Geras */ = {
			isa = PBXNativeTarget;
			buildConfigurationList = 79932572ECF8DDAEE610408C /* Build configuration list for PBXNativeTarget "Geras" */;
			buildPhases = (
				10A60A1C3409A01638EE6CDB /* Sources */,
				9F0068B643E4FBFF80D0E347 /* Resources */,
				32AD6F3EA6C9A0FA2F666D30 /* Bundle Tools */,
			);
			buildRules = (
			);
			dependencies = (
			);
			name = Geras;
			packageProductDependencies = (
			);
			productName = Geras;
			productReference = 3AC498566F5B7642F9233F96 /* Geras.app */;
			productType = "com.apple.product-type.application";
		};
/* End PBXNativeTarget section */

/* Begin PBXProject section */
		0C7FC439CB0600A466BB6C07 /* Project object */ = {
			isa = PBXProject;
			attributes = {
				BuildIndependentTargetsInParallel = YES;
				LastUpgradeCheck = 1430;
			};
			buildConfigurationList = B2089BB26EF305B27F42A349 /* Build configuration list for PBXProject "Geras" */;
			compatibilityVersion = "Xcode 14.0";
			developmentRegion = en;
			hasScannedForEncodings = 0;
			knownRegions = (
				Base,
				en,
			);
			mainGroup = 139EC062C7A3EF8F506FD3E9;
			minimizedProjectReferenceProxies = 1;
			preferredProjectObjectVersion = 77;
			projectDirPath = "";
			projectRoot = "";
			targets = (
				8B454E85FE8476D31069CDB2 /* Geras */,
			);
		};
/* End PBXProject section */

/* Begin PBXResourcesBuildPhase section */
		9F0068B643E4FBFF80D0E347 /* Resources */ = {
			isa = PBXResourcesBuildPhase;
			buildActionMask = 2147483647;
			files = (
				CF4F961413760F9782C22F99 /* Assets.xcassets in Resources */,
			);
			runOnlyForDeploymentPostprocessing = 0;
		};
/* End PBXResourcesBuildPhase section */

/* Begin PBXShellScriptBuildPhase section */
		32AD6F3EA6C9A0FA2F666D30 /* Bundle Tools */ = {
			isa = PBXShellScriptBuildPhase;
			buildActionMask = 2147483647;
			files = (
			);
			inputFileListPaths = (
			);
			inputPaths = (
				"$(SRCROOT)/Vendor/qpdf",
				"$(SRCROOT)/Vendor/qpdf/lib",
				"$(SRCROOT)/Vendor/qpdf/share",
				"$(SRCROOT)/Vendor/qpdf/qpdf",
				"$(SRCROOT)/Vendor/ghostscript",
				"$(SRCROOT)/Vendor/ghostscript/lib",
				"$(SRCROOT)/Vendor/ghostscript/share",
				"$(SRCROOT)/Vendor/ghostscript/gs",
			);
			name = "Bundle Tools";
			outputFileListPaths = (
			);
			outputPaths = (
				"$(TARGET_BUILD_DIR)/$(CONTENTS_FOLDER_PATH)/Resources/qpdf/qpdf",
				"$(TARGET_BUILD_DIR)/$(CONTENTS_FOLDER_PATH)/Resources/ghostscript/gs",
			);
			runOnlyForDeploymentPostprocessing = 0;
			shellPath = /bin/sh;
			shellScript = "set -euo pipefail\n\nQPDF_SRC_DIR=\"$SRCROOT/Vendor/qpdf\"\nQPDF_DST_DIR=\"$TARGET_BUILD_DIR/$CONTENTS_FOLDER_PATH/Resources/qpdf\"\nif [ -d \"$QPDF_SRC_DIR\" ]; then\n  rm -rf \"$QPDF_DST_DIR\"\n  mkdir -p \"$QPDF_DST_DIR\"\n  cp -a \"$QPDF_SRC_DIR/.\" \"$QPDF_DST_DIR/\"\n  if [ -f \"$QPDF_DST_DIR/qpdf\" ]; then\n    chmod +x \"$QPDF_DST_DIR/qpdf\"\n    if command -v codesign >/dev/null 2>&1; then\n      codesign --force --sign - --timestamp=none \"$QPDF_DST_DIR/qpdf\"\n    fi\n  fi\n  if command -v codesign >/dev/null 2>&1; then\n    for lib in \"$QPDF_DST_DIR/lib\"/*.dylib; do\n      if [ -f \"$lib\" ]; then\n        codesign --force --sign - --timestamp=none \"$lib\"\n      fi\n    done\n  fi\n  echo \"Bundled qpdf assets -> $QPDF_DST_DIR\"\nelse\n  echo \"warning: qpdf assets not found at $QPDF_SRC_DIR\"\nfi\n\nGS_SRC_DIR=\"$SRCROOT/Vendor/ghostscript\"\nGS_DST_DIR=\"$TARGET_BUILD_DIR/$CONTENTS_FOLDER_PATH/Resources/ghostscript\"\nif [ -d \"$GS_SRC_DIR\" ]; then\n  rm -rf \"$GS_DST_DIR\"\n  mkdir -p \"$GS_DST_DIR\"\n  cp -a \"$GS_SRC_DIR/.\" \"$GS_DST_DIR/\"\n  if [ -f \"$GS_DST_DIR/gs\" ]; then\n    chmod +x \"$GS_DST_DIR/gs\"\n    if command -v codesign >/dev/null 2>&1; then\n      codesign --force --sign - --timestamp=none \"$GS_DST_DIR/gs\"\n    fi\n  fi\n  if command -v codesign >/dev/null 2>&1; then\n    for lib in \"$GS_DST_DIR/lib\"/*.dylib; do\n      if [ -f \"$lib\" ]; then\n        codesign --force --sign - --timestamp=none \"$lib\"\n      fi\n    done\n  fi\n  echo \"Bundled ghostscript assets -> $GS_DST_DIR\"\nelse\n  echo \"warning: ghostscript assets not found at $GS_SRC_DIR\"\nfi\n";
		};
/* End PBXShellScriptBuildPhase section */

/* Begin PBXSourcesBuildPhase section */
		10A60A1C3409A01638EE6CDB /* Sources */ = {
			isa = PBXSourcesBuildPhase;
			buildActionMask = 2147483647;
			files = (
				FA36DE40F20A760F4793552D /* ContentView.swift in Sources */,
				ACDBD0CB5684137C202BCB0C /* GerasApp.swift in Sources */,
				1BF6E13945FF1BDAD2E7D1FE /* GhostscriptService.swift in Sources */,
				4331F7B8C177C2C5A8994E48 /* QPDFService.swift in Sources */,
				F64B3353BFF21A4B0BBAF077 /* RasterizeService.swift in Sources */,
			);
			runOnlyForDeploymentPostprocessing = 0;
		};
/* End PBXSourcesBuildPhase section */

/* Begin XCBuildConfiguration section */
		032692914FEFA91FD6785A1A /* Release */ = {
			isa = XCBuildConfiguration;
			buildSettings = {
				ALWAYS_SEARCH_USER_PATHS = NO;
				CLANG_ANALYZER_NONNULL = YES;
				CLANG_ANALYZER_NUMBER_OBJECT_CONVERSION = YES_AGGRESSIVE;
				CLANG_CXX_LANGUAGE_STANDARD = "gnu++14";
				CLANG_CXX_LIBRARY = "libc++";
				CLANG_ENABLE_MODULES = YES;
				CLANG_ENABLE_OBJC_ARC = YES;
				CLANG_ENABLE_OBJC_WEAK = YES;
				CLANG_WARN_BLOCK_CAPTURE_AUTORELEASING = YES;
				CLANG_WARN_BOOL_CONVERSION = YES;
				CLANG_WARN_COMMA = YES;
				CLANG_WARN_CONSTANT_CONVERSION = YES;
				CLANG_WARN_DEPRECATED_OBJC_IMPLEMENTATIONS = YES;
				CLANG_WARN_DIRECT_OBJC_ISA_USAGE = YES_ERROR;
				CLANG_WARN_DOCUMENTATION_COMMENTS = YES;
				CLANG_WARN_EMPTY_BODY = YES;
				CLANG_WARN_ENUM_CONVERSION = YES;
				CLANG_WARN_INFINITE_RECURSION = YES;
				CLANG_WARN_INT_CONVERSION = YES;
				CLANG_WARN_NON_LITERAL_NULL_CONVERSION = YES;
				CLANG_WARN_OBJC_IMPLICIT_RETAIN_SELF = YES;
				CLANG_WARN_OBJC_LITERAL_CONVERSION = YES;
				CLANG_WARN_OBJC_ROOT_CLASS = YES_ERROR;
				CLANG_WARN_QUOTED_INCLUDE_IN_FRAMEWORK_HEADER = YES;
				CLANG_WARN_RANGE_LOOP_ANALYSIS = YES;
				CLANG_WARN_STRICT_PROTOTYPES = YES;
				CLANG_WARN_SUSPICIOUS_MOVE = YES;
				CLANG_WARN_UNGUARDED_AVAILABILITY = YES_AGGRESSIVE;
				CLANG_WARN_UNREACHABLE_CODE = YES;
				CLANG_WARN__DUPLICATE_METHOD_MATCH = YES;
				COPY_PHASE_STRIP = NO;
				DEAD_CODE_STRIPPING = YES;
				DEBUG_INFORMATION_FORMAT = "dwarf-with-dsym";
				ENABLE_NS_ASSERTIONS = NO;
				ENABLE_STRICT_OBJC_MSGSEND = YES;
				ENABLE_USER_SCRIPT_SANDBOXING = NO;
				GCC_C_LANGUAGE_STANDARD = gnu11;
				GCC_NO_COMMON_BLOCKS = YES;
				GCC_WARN_64_TO_32_BIT_CONVERSION = YES;
				GCC_WARN_ABOUT_RETURN_TYPE = YES_ERROR;
				GCC_WARN_UNDECLARED_SELECTOR = YES;
				GCC_WARN_UNINITIALIZED_AUTOS = YES_AGGRESSIVE;
				GCC_WARN_UNUSED_FUNCTION = YES;
				GCC_WARN_UNUSED_VARIABLE = YES;
				MACOSX_DEPLOYMENT_TARGET = 12.0;
				MTL_ENABLE_DEBUG_INFO = NO;
				MTL_FAST_MATH = YES;
				PRODUCT_NAME = "$(TARGET_NAME)";
				SDKROOT = macosx;
				SWIFT_COMPILATION_MODE = wholemodule;
				SWIFT_OPTIMIZATION_LEVEL = "-O";
				SWIFT_VERSION = 5.9;
			};
			name = Release;
		};
		A9379C2AD0E105F22BE4D88D /* Release */ = {
			isa = XCBuildConfiguration;
			buildSettings = {
				ASSETCATALOG_COMPILER_APPICON_NAME = AppIcon;
				COMBINE_HIDPI_IMAGES = YES;
				GENERATE_INFOPLIST_FILE = YES;
				INFOPLIST_KEY_CFBundleDisplayName = "Geras : PDF Compressor";
				INFOPLIST_KEY_CFBundleName = "Geras PDF Compressor";
				LD_RUNPATH_SEARCH_PATHS = (
					"$(inherited)",
					"@executable_path/../Frameworks",
				);
				PRODUCT_BUNDLE_IDENTIFIER = com.geras.pdfcompressor;
				PRODUCT_NAME = "Geras PDF Compressor";
				SDKROOT = macosx;
			};
			name = Release;
		};
		B6C850662AEEFCE99401523F /* Debug */ = {
			isa = XCBuildConfiguration;
			buildSettings = {
				ASSETCATALOG_COMPILER_APPICON_NAME = AppIcon;
				COMBINE_HIDPI_IMAGES = YES;
				GENERATE_INFOPLIST_FILE = YES;
				INFOPLIST_KEY_CFBundleDisplayName = "Geras : PDF Compressor";
				INFOPLIST_KEY_CFBundleName = "Geras PDF Compressor";
				LD_RUNPATH_SEARCH_PATHS = (
					"$(inherited)",
					"@executable_path/../Frameworks",
				);
				PRODUCT_BUNDLE_IDENTIFIER = com.geras.pdfcompressor;
				PRODUCT_NAME = "Geras PDF Compressor";
				SDKROOT = macosx;
			};
			name = Debug;
		};
		C36EC7D72A5C46AC4B41C7E9 /* Debug */ = {
			isa = XCBuildConfiguration;
			buildSettings = {
				ALWAYS_SEARCH_USER_PATHS = NO;
				CLANG_ANALYZER_NONNULL = YES;
				CLANG_ANALYZER_NUMBER_OBJECT_CONVERSION = YES_AGGRESSIVE;
				CLANG_CXX_LANGUAGE_STANDARD = "gnu++14";
				CLANG_CXX_LIBRARY = "libc++";
				CLANG_ENABLE_MODULES = YES;
				CLANG_ENABLE_OBJC_ARC = YES;
				CLANG_ENABLE_OBJC_WEAK = YES;
				CLANG_WARN_BLOCK_CAPTURE_AUTORELEASING = YES;
				CLANG_WARN_BOOL_CONVERSION = YES;
				CLANG_WARN_COMMA = YES;
				CLANG_WARN_CONSTANT_CONVERSION = YES;
				CLANG_WARN_DEPRECATED_OBJC_IMPLEMENTATIONS = YES;
				CLANG_WARN_DIRECT_OBJC_ISA_USAGE = YES_ERROR;
				CLANG_WARN_DOCUMENTATION_COMMENTS = YES;
				CLANG_WARN_EMPTY_BODY = YES;
				CLANG_WARN_ENUM_CONVERSION = YES;
				CLANG_WARN_INFINITE_RECURSION = YES;
				CLANG_WARN_INT_CONVERSION = YES;
				CLANG_WARN_NON_LITERAL_NULL_CONVERSION = YES;
				CLANG_WARN_OBJC_IMPLICIT_RETAIN_SELF = YES;
				CLANG_WARN_OBJC_LITERAL_CONVERSION = YES;
				CLANG_WARN_OBJC_ROOT_CLASS = YES_ERROR;
				CLANG_WARN_QUOTED_INCLUDE_IN_FRAMEWORK_HEADER = YES;
				CLANG_WARN_RANGE_LOOP_ANALYSIS = YES;
				CLANG_WARN_STRICT_PROTOTYPES = YES;
				CLANG_WARN_SUSPICIOUS_MOVE = YES;
				CLANG_WARN_UNGUARDED_AVAILABILITY = YES_AGGRESSIVE;
				CLANG_WARN_UNREACHABLE_CODE = YES;
				CLANG_WARN__DUPLICATE_METHOD_MATCH = YES;
				COPY_PHASE_STRIP = NO;
				DEAD_CODE_STRIPPING = YES;
				DEBUG_INFORMATION_FORMAT = dwarf;
				ENABLE_STRICT_OBJC_MSGSEND = YES;
				ENABLE_TESTABILITY = YES;
				ENABLE_USER_SCRIPT_SANDBOXING = NO;
				GCC_C_LANGUAGE_STANDARD = gnu11;
				GCC_DYNAMIC_NO_PIC = NO;
				GCC_NO_COMMON_BLOCKS = YES;
				GCC_OPTIMIZATION_LEVEL = 0;
				GCC_PREPROCESSOR_DEFINITIONS = (
					"$(inherited)",
					"DEBUG=1",
				);
				GCC_WARN_64_TO_32_BIT_CONVERSION = YES;
				GCC_WARN_ABOUT_RETURN_TYPE = YES_ERROR;
				GCC_WARN_UNDECLARED_SELECTOR = YES;
				GCC_WARN_UNINITIALIZED_AUTOS = YES_AGGRESSIVE;
				GCC_WARN_UNUSED_FUNCTION = YES;
				GCC_WARN_UNUSED_VARIABLE = YES;
				MACOSX_DEPLOYMENT_TARGET = 12.0;
				MTL_ENABLE_DEBUG_INFO = INCLUDE_SOURCE;
				MTL_FAST_MATH = YES;
				ONLY_ACTIVE_ARCH = YES;
				PRODUCT_NAME = "$(TARGET_NAME)";
				SDKROOT = macosx;
				SWIFT_ACTIVE_COMPILATION_CONDITIONS = DEBUG;
				SWIFT_OPTIMIZATION_LEVEL = "-Onone";
				SWIFT_VERSION = 5.9;
			};
			name = Debug;
		};
/* End XCBuildConfiguration section */

/* Begin XCConfigurationList section */
		79932572ECF8DDAEE610408C /* Build configuration list for PBXNativeTarget "Geras" */ = {
			isa = XCConfigurationList;
			buildConfigurations = (
				B6C850662AEEFCE99401523F /* Debug */,
				A9379C2AD0E105F22BE4D88D /* Release */,
			);
			defaultConfigurationIsVisible = 0;
			defaultConfigurationName = Debug;
		};
		B2089BB26EF305B27F42A349 /* Build configuration list for PBXProject "Geras" */ = {
			isa = XCConfigurationList;
			buildConfigurations = (
				C36EC7D72A5C46AC4B41C7E9 /* Debug */,
				032692914FEFA91FD6785A1A /* Release */,
			);
			defaultConfigurationIsVisible = 0;
			defaultConfigurationName = Debug;
		};
/* End XCConfigurationList section */
	};
	rootObject = 0C7FC439CB0600A466BB6C07 /* Project object */;
}
